
Microsoft Visual Studio Solution File, Format Version 12.00
# Visual Studio Version 17
VisualStudioVersion = 17.12.35527.113
MinimumVisualStudioVersion = 10.0.40219.1
Project("{FAE04EC0-301F-11D3-BF4B-00C04F79EFBC}") = "OLMS.Domain", "OLMS.Domain\OLMS.Domain.csproj", "{88E6077F-A965-4484-A821-07EA14E2DCBA}"
EndProject
Project("{FAE04EC0-301F-11D3-BF4B-00C04F79EFBC}") = "OLMS.Application", "OLMS.Application\OLMS.Application.csproj", "{4381FEC5-BAE0-46B8-B6A7-7BF5623DD59B}"
EndProject
Project("{FAE04EC0-301F-11D3-BF4B-00C04F79EFBC}") = "OLMS.Infrastructure", "OLMS.Infrastructure\OLMS.Infrastructure.csproj", "{4FEFE14A-38A9-49B9-88DF-BD58DB886B9A}"
EndProject
Project("{FAE04EC0-301F-11D3-BF4B-00C04F79EFBC}") = "OLMS.Presentation", "OLMS.Presentation\OLMS.Presentation.csproj", "{6A2ABA35-0C5C-4414-BCC3-ABF879B11F2F}"
EndProject
Project("{FAE04EC0-301F-11D3-BF4B-00C04F79EFBC}") = "OLMS.Testing", "OLMS.Testing\OLMS.Testing.csproj", "{AD4D0BFE-4A2C-46A4-A1B6-3A3D4AC8D9A9}"
EndProject
Project("{FAE04EC0-301F-11D3-BF4B-00C04F79EFBC}") = "OLMS.API", "OLMS.API\OLMS.API.csproj", "{BF8CF6F2-B693-4F28-A3E6-06423074C54D}"
EndProject
Project("{FAE04EC0-301F-11D3-BF4B-00C04F79EFBC}") = "OLMS.Shared", "OLMS.Shared\OLMS.Shared.csproj", "{8948E532-A8FD-46FC-993C-B0EBD4813484}"
EndProject
Global
	GlobalSection(SolutionConfigurationPlatforms) = preSolution
		Debug|Any CPU = Debug|Any CPU
		Release|Any CPU = Release|Any CPU
	EndGlobalSection
	GlobalSection(ProjectConfigurationPlatforms) = postSolution
		{88E6077F-A965-4484-A821-07EA14E2DCBA}.Debug|Any CPU.ActiveCfg = Debug|Any CPU
		{88E6077F-A965-4484-A821-07EA14E2DCBA}.Debug|Any CPU.Build.0 = Debug|Any CPU
		{88E6077F-A965-4484-A821-07EA14E2DCBA}.Release|Any CPU.ActiveCfg = Release|Any CPU
		{88E6077F-A965-4484-A821-07EA14E2DCBA}.Release|Any CPU.Build.0 = Release|Any CPU
		{4381FEC5-BAE0-46B8-B6A7-7BF5623DD59B}.Debug|Any CPU.ActiveCfg = Debug|Any CPU
		{4381FEC5-BAE0-46B8-B6A7-7BF5623DD59B}.Debug|Any CPU.Build.0 = Debug|Any CPU
		{4381FEC5-BAE0-46B8-B6A7-7BF5623DD59B}.Release|Any CPU.ActiveCfg = Release|Any CPU
		{4381FEC5-BAE0-46B8-B6A7-7BF5623DD59B}.Release|Any CPU.Build.0 = Release|Any CPU
		{4FEFE14A-38A9-49B9-88DF-BD58DB886B9A}.Debug|Any CPU.ActiveCfg = Debug|Any CPU
		{4FEFE14A-38A9-49B9-88DF-BD58DB886B9A}.Debug|Any CPU.Build.0 = Debug|Any CPU
		{4FEFE14A-38A9-49B9-88DF-BD58DB886B9A}.Release|Any CPU.ActiveCfg = Release|Any CPU
		{4FEFE14A-38A9-49B9-88DF-BD58DB886B9A}.Release|Any CPU.Build.0 = Release|Any CPU
		{6A2ABA35-0C5C-4414-BCC3-ABF879B11F2F}.Debug|Any CPU.ActiveCfg = Debug|Any CPU
		{6A2ABA35-0C5C-4414-BCC3-ABF879B11F2F}.Debug|Any CPU.Build.0 = Debug|Any CPU
		{6A2ABA35-0C5C-4414-BCC3-ABF879B11F2F}.Release|Any CPU.ActiveCfg = Release|Any CPU
		{6A2ABA35-0C5C-4414-BCC3-ABF879B11F2F}.Release|Any CPU.Build.0 = Release|Any CPU
		{AD4D0BFE-4A2C-46A4-A1B6-3A3D4AC8D9A9}.Debug|Any CPU.ActiveCfg = Debug|Any CPU
		{AD4D0BFE-4A2C-46A4-A1B6-3A3D4AC8D9A9}.Debug|Any CPU.Build.0 = Debug|Any CPU
		{AD4D0BFE-4A2C-46A4-A1B6-3A3D4AC8D9A9}.Release|Any CPU.ActiveCfg = Release|Any CPU
		{AD4D0BFE-4A2C-46A4-A1B6-3A3D4AC8D9A9}.Release|Any CPU.Build.0 = Release|Any CPU
		{BF8CF6F2-B693-4F28-A3E6-06423074C54D}.Debug|Any CPU.ActiveCfg = Debug|Any CPU
		{BF8CF6F2-B693-4F28-A3E6-06423074C54D}.Debug|Any CPU.Build.0 = Debug|Any CPU
		{BF8CF6F2-B693-4F28-A3E6-06423074C54D}.Release|Any CPU.ActiveCfg = Release|Any CPU
		{BF8CF6F2-B693-4F28-A3E6-06423074C54D}.Release|Any CPU.Build.0 = Release|Any CPU
		{8948E532-A8FD-46FC-993C-B0EBD4813484}.Debug|Any CPU.ActiveCfg = Debug|Any CPU
		{8948E532-A8FD-46FC-993C-B0EBD4813484}.Debug|Any CPU.Build.0 = Debug|Any CPU
		{8948E532-A8FD-46FC-993C-B0EBD4813484}.Release|Any CPU.ActiveCfg = Release|Any CPU
		{8948E532-A8FD-46FC-993C-B0EBD4813484}.Release|Any CPU.Build.0 = Release|Any CPU
	EndGlobalSection
	GlobalSection(SolutionProperties) = preSolution
		HideSolutionNode = FALSE
	EndGlobalSection
EndGlobal
